
Microsoft Visual Studio Solution File, Format Version 12.00
# Visual Studio Version 16
VisualStudioVersion = 16.0.30717.126
MinimumVisualStudioVersion = 10.0.40219.1
Project("{FAE04EC0-301F-11D3-BF4B-00C04F79EFBC}") = "internship-3-oop-intro", "internship-3-oop-intro\internship-3-oop-intro.csproj", "{BF387FBA-4A80-4A9C-B81F-9F13708C1FC9}"
EndProject
Global
	GlobalSection(SolutionConfigurationPlatforms) = preSolution
		Debug|Any CPU = Debug|Any CPU
		Release|Any CPU = Release|Any CPU
	EndGlobalSection
	GlobalSection(ProjectConfigurationPlatforms) = postSolution
		{BF387FBA-4A80-4A9C-B81F-9F13708C1FC9}.Debug|Any CPU.ActiveCfg = Debug|Any CPU
		{BF387FBA-4A80-4A9C-B81F-9F13708C1FC9}.Debug|Any CPU.Build.0 = Debug|Any CPU
		{BF387FBA-4A80-4A9C-B81F-9F13708C1FC9}.Release|Any CPU.ActiveCfg = Release|Any CPU
		{BF387FBA-4A80-4A9C-B81F-9F13708C1FC9}.Release|Any CPU.Build.0 = Release|Any CPU
	EndGlobalSection
	GlobalSection(SolutionProperties) = preSolution
		HideSolutionNode = FALSE
	EndGlobalSection
	GlobalSection(ExtensibilityGlobals) = postSolution
		SolutionGuid = {026EC258-62C5-4D10-8A42-DE6C779AC632}
	EndGlobalSection
EndGlobal
